{
  "name": "mr-queryer",
  "version": "1.0.0",
  "lockfileVersion": 1,
  "requires": true,
  "dependencies": {
    "@types/node": {
      "version": "10.5.2",
      "resolved": "https://registry.npmjs.org/@types/node/-/node-10.5.2.tgz",
      "integrity": "sha512-m9zXmifkZsMHZBOyxZWilMwmTlpC8x5Ty360JKTiXvlXZfBWYpsg9ZZvP/Ye+iZUh+Q+MxDLjItVTWIsfwz+8Q=="
    },
    "@types/node-fetch": {
      "version": "2.1.1",
      "resolved": "https://registry.npmjs.org/@types/node-fetch/-/node-fetch-2.1.1.tgz",
      "integrity": "sha512-IfDil0fSMq59n4UsIzgRd5gsgmgn9dl9PzZbguKPsGBpLEIFC7Fr4AroQjIeCYOcDsP1Lszm10wirpaEP26Lhg==",
      "requires": {
        "@types/node": "10.5.2"
      }
    },
    "node-fetch": {
      "version": "2.1.2",
      "resolved": "https://registry.npmjs.org/node-fetch/-/node-fetch-2.1.2.tgz",
      "integrity": "sha1-q4hOjn5X44qUR1POxwb3iNF2i7U="
    }
  }
}
